PODS:
  - Alamofire (4.5.1)
  - FSCalendar (2.7.9)
  - Moya (10.0.0):
    - Moya/Core (= 10.0.0)
  - Moya/Core (10.0.0):
    - Alamofire (~> 4.1)
    - Result (~> 3.0)
  - Realm (3.0.1):
    - Realm/Headers (= 3.0.1)
  - Realm/Headers (3.0.1)
  - RealmSwift (3.0.1):
    - Realm (= 3.0.1)
  - Result (3.2.4)
  - RxCocoa (4.0.0):
    - RxSwift (~> 4.0)
  - RxRealm (0.7.3):
    - RealmSwift (~> 3.0)
    - RxSwift (~> 4.0)
  - RxSwift (4.0.0)

DEPENDENCIES:
  - FSCalendar
  - Moya
  - RealmSwift
  - RxCocoa
  - RxRealm

SPEC CHECKSUMS:
  Alamofire: 2d95912bf4c34f164fdfc335872e8c312acaea4a
  FSCalendar: a04b09f16f811bc92e82f3cf852a15225233b9d5
  Moya: adb58b0f4e58430db43cc6e2f6ebab1836501186
  Realm: ba6144c74f835f7497791f6599d63a7755377b83
  RealmSwift: 7d13b1ac4b6022a13f841e3143e7789c9e40ad0d
  Result: d2d07204ce72856f1fd9130bbe42c35a7b0fea10
  RxCocoa: d62846ca96495d862fa4c59ea7d87e5031d7340e
  RxRealm: 529f5bc5601f04fd2a5c9f9c9004bf018ff64b2d
  RxSwift: fd680d75283beb5e2559486f3c0ff852f0d35334

PODFILE CHECKSUM: b199e919b40d4d59506499c6da591cd56b388e69

COCOAPODS: 1.3.1
